// !$*UTF8*$!
{
	archiveVersion = 1;
	classes = {
	};
	objectVersion = 46;
	objects = {

/* Begin PBXBuildFile section */
		3F4C32641CC9CEF400E015CF /* AppDelegate.swift in Sources */ = {isa = PBXBuildFile; fileRef = 3F4C32631CC9CEF400E015CF /* AppDelegate.swift */; };
		3F4C32661CC9CEF400E015CF /* ViewController.swift in Sources */ = {isa = PBXBuildFile; fileRef = 3F4C32651CC9CEF400E015CF /* ViewController.swift */; };
		3F4C32691CC9CEF400E015CF /* Main.storyboard in Resources */ = {isa = PBXBuildFile; fileRef = 3F4C32671CC9CEF400E015CF /* Main.storyboard */; };
		3F4C326C1CC9CEF400E015CF /* fake_instagram.xcdatamodeld in Sources */ = {isa = PBXBuildFile; fileRef = 3F4C326A1CC9CEF400E015CF /* fake_instagram.xcdatamodeld */; };
		3F4C326E1CC9CEF400E015CF /* Assets.xcassets in Resources */ = {isa = PBXBuildFile; fileRef = 3F4C326D1CC9CEF400E015CF /* Assets.xcassets */; };
		3F4C32711CC9CEF400E015CF /* LaunchScreen.storyboard in Resources */ = {isa = PBXBuildFile; fileRef = 3F4C326F1CC9CEF400E015CF /* LaunchScreen.storyboard */; };
/* End PBXBuildFile section */

/* Begin PBXFileReference section */
		3F4C32601CC9CEF300E015CF /* fake-instagram.app */ = {isa = PBXFileReference; explicitFileType = wrapper.application; includeInIndex = 0; path = "fake-instagram.app"; sourceTree = BUILT_PRODUCTS_DIR; };
		3F4C32631CC9CEF400E015CF /* AppDelegate.swift */ = {isa = PBXFileReference; lastKnownFileType = sourcecode.swift; path = AppDelegate.swift; sourceTree = "<group>"; };
		3F4C32651CC9CEF400E015CF /* ViewController.swift */ = {isa = PBXFileReference; lastKnownFileType = sourcecode.swift; path = ViewController.swift; sourceTree = "<group>"; };
		3F4C32681CC9CEF400E015CF /* Base */ = {isa = PBXFileReference; lastKnownFileType = file.storyboard; name = Base; path = Base.lproj/Main.storyboard; sourceTree = "<group>"; };
		3F4C326B1CC9CEF400E015CF /* fake_instagram.xcdatamodel */ = {isa = PBXFileReference; lastKnownFileType = wrapper.xcdatamodel; path = fake_instagram.xcdatamodel; sourceTree = "<group>"; };
		3F4C326D1CC9CEF400E015CF /* Assets.xcassets */ = {isa = PBXFileReference; lastKnownFileType = folder.assetcatalog; path = Assets.xcassets; sourceTree = "<group>"; };
		3F4C32701CC9CEF400E015CF /* Base */ = {isa = PBXFileReference; lastKnownFileType = file.storyboard; name = Base; path = Base.lproj/LaunchScreen.storyboard; sourceTree = "<group>"; };
		3F4C32721CC9CEF400E015CF /* Info.plist */ = {isa = PBXFileReference; lastKnownFileType = text.plist.xml; path = Info.plist; sourceTree = "<group>"; };
/* End PBXFileReference section */

/* Begin PBXFrameworksBuildPhase section */
		3F4C325D1CC9CEF300E015CF /* Frameworks */ = {
			isa = PBXFrameworksBuildPhase;
			buildActionMask = 2147483647;
			files = (
			);
			runOnlyForDeploymentPostprocessing = 0;
		};
/* End PBXFrameworksBuildPhase section */

/* Begin PBXGroup section */
		3F4C32571CC9CEF300E015CF = {
			isa = PBXGroup;
			children = (
				3F4C32621CC9CEF300E015CF /* fake-instagram */,
				3F4C32611CC9CEF300E015CF /* Products */,
			);
			sourceTree = "<group>";
		};
		3F4C32611CC9CEF300E015CF /* Products */ = {
			isa = PBXGroup;
			children = (
				3F4C32601CC9CEF300E015CF /* fake-instagram.app */,
			);
			name = Products;
			sourceTree = "<group>";
		};
		3F4C32621CC9CEF300E015CF /* fake-instagram */ = {
			isa = PBXGroup;
			children = (
				3F4C32631CC9CEF400E015CF /* AppDelegate.swift */,
				3F4C32651CC9CEF400E015CF /* ViewController.swift */,
				3F4C32671CC9CEF400E015CF /* Main.storyboard */,
				3F4C326D1CC9CEF400E015CF /* Assets.xcassets */,
				3F4C326F1CC9CEF400E015CF /* LaunchScreen.storyboard */,
				3F4C32721CC9CEF400E015CF /* Info.plist */,
				3F4C326A1CC9CEF400E015CF /* fake_instagram.xcdatamodeld */,
			);
			path = "fake-instagram";
			sourceTree = "<group>";
		};
/* End PBXGroup section */

/* Begin PBXNativeTarget section */
		3F4C325F1CC9CEF300E015CF /* fake-instagram */ = {
			isa = PBXNativeTarget;
			buildConfigurationList = 3F4C32751CC9CEF400E015CF /* Build configuration list for PBXNativeTarget "fake-instagram" */;
			buildPhases = (
				3F4C325C1CC9CEF300E015CF /* Sources */,
				3F4C325D1CC9CEF300E015CF /* Frameworks */,
				3F4C325E1CC9CEF300E015CF /* Resources */,
			);
			buildRules = (
			);
			dependencies = (
			);
			name = "fake-instagram";
			productName = "fake-instagram";
			productReference = 3F4C32601CC9CEF300E015CF /* fake-instagram.app */;
			productType = "com.apple.product-type.application";
		};
/* End PBXNativeTarget section */

/* Begin PBXProject section */
		3F4C32581CC9CEF300E015CF /* Project object */ = {
			isa = PBXProject;
			attributes = {
				LastSwiftUpdateCheck = 0730;
				LastUpgradeCheck = 0730;
				ORGANIZATIONNAME = "Jeremy Ong";
				TargetAttributes = {
					3F4C325F1CC9CEF300E015CF = {
						CreatedOnToolsVersion = 7.3;
					};
				};
			};
			buildConfigurationList = 3F4C325B1CC9CEF300E015CF /* Build configuration list for PBXProject "fake-instagram" */;
			compatibilityVersion = "Xcode 3.2";
			developmentRegion = English;
			hasScannedForEncodings = 0;
			knownRegions = (
				en,
				Base,
			);
			mainGroup = 3F4C32571CC9CEF300E015CF;
			productRefGroup = 3F4C32611CC9CEF300E015CF /* Products */;
			projectDirPath = "";
			projectRoot = "";
			targets = (
				3F4C325F1CC9CEF300E015CF /* fake-instagram */,
			);
		};
/* End PBXProject section */

/* Begin PBXResourcesBuildPhase section */
		3F4C325E1CC9CEF300E015CF /* Resources */ = {
			isa = PBXResourcesBuildPhase;
			buildActionMask = 2147483647;
			files = (
				3F4C32711CC9CEF400E015CF /* LaunchScreen.storyboard in Resources */,
				3F4C326E1CC9CEF400E015CF /* Assets.xcassets in Resources */,
				3F4C32691CC9CEF400E015CF /* Main.storyboard in Resources */,
			);
			runOnlyForDeploymentPostprocessing = 0;
		};
/* End PBXResourcesBuildPhase section */

/* Begin PBXSourcesBuildPhase section */
		3F4C325C1CC9CEF300E015CF /* Sources */ = {
			isa = PBXSourcesBuildPhase;
			buildActionMask = 2147483647;
			files = (
				3F4C32661CC9CEF400E015CF /* ViewController.swift in Sources */,
				3F4C326C1CC9CEF400E015CF /* fake_instagram.xcdatamodeld in Sources */,
				3F4C32641CC9CEF400E015CF /* AppDelegate.swift in Sources */,
			);
			runOnlyForDeploymentPostprocessing = 0;
		};
/* End PBXSourcesBuildPhase section */

/* Begin PBXVariantGroup section */
		3F4C32671CC9CEF400E015CF /* Main.storyboard */ = {
			isa = PBXVariantGroup;
			children = (
				3F4C32681CC9CEF400E015CF /* Base */,
			);
			name = Main.storyboard;
			sourceTree = "<group>";
		};
		3F4C326F1CC9CEF400E015CF /* LaunchScreen.storyboard */ = {
			isa = PBXVariantGroup;
			children = (
				3F4C32701CC9CEF400E015CF /* Base */,
			);
			name = LaunchScreen.storyboard;
			sourceTree = "<group>";
		};
/* End PBXVariantGroup section */

/* Begin XCBuildConfiguration section */
		3F4C32731CC9CEF400E015CF /* Debug */ = {
			isa = XCBuildConfiguration;
			buildSettings = {
				ALWAYS_SEARCH_USER_PATHS = NO;
				CLANG_ANALYZER_NONNULL = YES;
				CLANG_CXX_LANGUAGE_STANDARD = "gnu++0x";
				CLANG_CXX_LIBRARY = "libc++";
				CLANG_ENABLE_MODULES = YES;
				CLANG_ENABLE_OBJC_ARC = YES;
				CLANG_WARN_BOOL_CONVERSION = YES;
				CLANG_WARN_CONSTANT_CONVERSION = YES;
				CLANG_WARN_DIRECT_OBJC_ISA_USAGE = YES_ERROR;
				CLANG_WARN_EMPTY_BODY = YES;
				CLANG_WARN_ENUM_CONVERSION = YES;
				CLANG_WARN_INT_CONVERSION = YES;
				CLANG_WARN_OBJC_ROOT_CLASS = YES_ERROR;
				CLANG_WARN_UNREACHABLE_CODE = YES;
				CLANG_WARN__DUPLICATE_METHOD_MATCH = YES;
				"CODE_SIGN_IDENTITY[sdk=iphoneos*]" = "iPhone Developer";
				COPY_PHASE_STRIP = NO;
				DEBUG_INFORMATION_FORMAT = dwarf;
				ENABLE_STRICT_OBJC_MSGSEND = YES;
				ENABLE_TESTABILITY = YES;
				GCC_C_LANGUAGE_STANDARD = gnu99;
				GCC_DYNAMIC_NO_PIC = NO;
				GCC_NO_COMMON_BLOCKS = YES;
				GCC_OPTIMIZATION_LEVEL = 0;
				GCC_PREPROCESSOR_DEFINITIONS = (
					"DEBUG=1",
					"$(inherited)",
				);
				GCC_WARN_64_TO_32_BIT_CONVERSION = YES;
				GCC_WARN_ABOUT_RETURN_TYPE = YES_ERROR;
				GCC_WARN_UNDECLARED_SELECTOR = YES;
				GCC_WARN_UNINITIALIZED_AUTOS = YES_AGGRESSIVE;
				GCC_WARN_UNUSED_FUNCTION = YES;
				GCC_WARN_UNUSED_VARIABLE = YES;
				IPHONEOS_DEPLOYMENT_TARGET = 9.3;
				MTL_ENABLE_DEBUG_INFO = YES;
				ONLY_ACTIVE_ARCH = YES;
				SDKROOT = iphoneos;
				SWIFT_OPTIMIZATION_LEVEL = "-Onone";
				TARGETED_DEVICE_FAMILY = "1,2";
			};
			name = Debug;
		};
		3F4C32741CC9CEF400E015CF /* Release */ = {
			isa = XCBuildConfiguration;
			buildSettings = {
				ALWAYS_SEARCH_USER_PATHS = NO;
				CLANG_ANALYZER_NONNULL = YES;
				CLANG_CXX_LANGUAGE_STANDARD = "gnu++0x";
				CLANG_CXX_LIBRARY = "libc++";
				CLANG_ENABLE_MODULES = YES;
				CLANG_ENABLE_OBJC_ARC = YES;
				CLANG_WARN_BOOL_CONVERSION = YES;
				CLANG_WARN_CONSTANT_CONVERSION = YES;
				CLANG_WARN_DIRECT_OBJC_ISA_USAGE = YES_ERROR;
				CLANG_WARN_EMPTY_BODY = YES;
				CLANG_WARN_ENUM_CONVERSION = YES;
				CLANG_WARN_INT_CONVERSION = YES;
				CLANG_WARN_OBJC_ROOT_CLASS = YES_ERROR;
				CLANG_WARN_UNREACHABLE_CODE = YES;
				CLANG_WARN__DUPLICATE_METHOD_MATCH = YES;
				"CODE_SIGN_IDENTITY[sdk=iphoneos*]" = "iPhone Developer";
				COPY_PHASE_STRIP = NO;
				DEBUG_INFORMATION_FORMAT = "dwarf-with-dsym";
				ENABLE_NS_ASSERTIONS = NO;
				ENABLE_STRICT_OBJC_MSGSEND = YES;
				GCC_C_LANGUAGE_STANDARD = gnu99;
				GCC_NO_COMMON_BLOCKS = YES;
				GCC_WARN_64_TO_32_BIT_CONVERSION = YES;
				GCC_WARN_ABOUT_RETURN_TYPE = YES_ERROR;
				GCC_WARN_UNDECLARED_SELECTOR = YES;
				GCC_WARN_UNINITIALIZED_AUTOS = YES_AGGRESSIVE;
				GCC_WARN_UNUSED_FUNCTION = YES;
				GCC_WARN_UNUSED_VARIABLE = YES;
				IPHONEOS_DEPLOYMENT_TARGET = 9.3;
				MTL_ENABLE_DEBUG_INFO = NO;
				SDKROOT = iphoneos;
				TARGETED_DEVICE_FAMILY = "1,2";
				VALIDATE_PRODUCT = YES;
			};
			name = Release;
		};
		3F4C32761CC9CEF400E015CF /* Debug */ = {
			isa = XCBuildConfiguration;
			buildSettings = {
				ASSETCATALOG_COMPILER_APPICON_NAME = AppIcon;
				INFOPLIST_FILE = "fake-instagram/Info.plist";
				LD_RUNPATH_SEARCH_PATHS = "$(inherited) @executable_path/Frameworks";
				PRODUCT_BUNDLE_IDENTIFIER = "com.jeremy-ong.fake-instagram";
				PRODUCT_NAME = "$(TARGET_NAME)";
			};
			name = Debug;
		};
		3F4C32771CC9CEF400E015CF /* Release */ = {
			isa = XCBuildConfiguration;
			buildSettings = {
				ASSETCATALOG_COMPILER_APPICON_NAME = AppIcon;
				INFOPLIST_FILE = "fake-instagram/Info.plist";
				LD_RUNPATH_SEARCH_PATHS = "$(inherited) @executable_path/Frameworks";
				PRODUCT_BUNDLE_IDENTIFIER = "com.jeremy-ong.fake-instagram";
				PRODUCT_NAME = "$(TARGET_NAME)";
			};
			name = Release;
		};
/* End XCBuildConfiguration section */

/* Begin XCConfigurationList section */
		3F4C325B1CC9CEF300E015CF /* Build configuration list for PBXProject "fake-instagram" */ = {
			isa = XCConfigurationList;
			buildConfigurations = (
				3F4C32731CC9CEF400E015CF /* Debug */,
				3F4C32741CC9CEF400E015CF /* Release */,
			);
			defaultConfigurationIsVisible = 0;
			defaultConfigurationName = Release;
		};
		3F4C32751CC9CEF400E015CF /* Build configuration list for PBXNativeTarget "fake-instagram" */ = {
			isa = XCConfigurationList;
			buildConfigurations = (
				3F4C32761CC9CEF400E015CF /* Debug */,
				3F4C32771CC9CEF400E015CF /* Release */,
			);
			defaultConfigurationIsVisible = 0;
		};
/* End XCConfigurationList section */

/* Begin XCVersionGroup section */
		3F4C326A1CC9CEF400E015CF /* fake_instagram.xcdatamodeld */ = {
			isa = XCVersionGroup;
			children = (
				3F4C326B1CC9CEF400E015CF /* fake_instagram.xcdatamodel */,
			);
			currentVersion = 3F4C326B1CC9CEF400E015CF /* fake_instagram.xcdatamodel */;
			path = fake_instagram.xcdatamodeld;
			sourceTree = "<group>";
			versionGroupType = wrapper.xcdatamodel;
		};
/* End XCVersionGroup section */
	};
	rootObject = 3F4C32581CC9CEF300E015CF /* Project object */;
}
